
Microsoft Visual Studio Solution File, Format Version 12.00
# Visual Studio Version 17
VisualStudioVersion = 17.8.34511.84
MinimumVisualStudioVersion = 10.0.40219.1
Project("{2150E333-8FDC-42A3-9474-1A3956D46DE8}") = "Applications", "Applications", "{0DC4EACB-1990-482D-B21E-87158B6CE22A}"
EndProject
Project("{2150E333-8FDC-42A3-9474-1A3956D46DE8}") = "Libraries", "Libraries", "{C1073E3C-2EF1-4637-BAC5-AD258C8DFCB2}"
EndProject
Project("{9A19103F-16F7-4668-BE54-9A1E7A4F7556}") = "SV21T1020742.Web", "SV21T1020812.Web\SV21T1020742.Web.csproj", "{91914807-304A-4BD0-8D18-DAF495D1AD5A}"
EndProject
Project("{9A19103F-16F7-4668-BE54-9A1E7A4F7556}") = "SV21T1020742.DomainModels", "SV21T1020812.DomainModels\SV21T1020742.DomainModels.csproj", "{3E8D86F8-4C82-4DBB-AAA9-6F513F4D7432}"
EndProject
Project("{9A19103F-16F7-4668-BE54-9A1E7A4F7556}") = "SV21T1020742.DataLayers", "SV21T1020812.DataLayers\SV21T1020742.DataLayers.csproj", "{0474A85F-498D-47C8-ACC1-3750E9F0B8D5}"
EndProject
Project("{9A19103F-16F7-4668-BE54-9A1E7A4F7556}") = "SV21T1020742.BusinessLayers", "SV21T1020812.BusinessLayers\SV21T1020742.BusinessLayers.csproj", "{2ACE4049-7A59-4C50-BE83-B3DB039E8887}"
EndProject
Project("{9A19103F-16F7-4668-BE54-9A1E7A4F7556}") = "SV21T1020742.Shop", "SV21T1020742.Shop\SV21T1020742.Shop.csproj", "{1E5EBC61-5760-4F5C-9FAD-F01EE7216C03}"
EndProject
Global
	GlobalSection(SolutionConfigurationPlatforms) = preSolution
		Debug|Any CPU = Debug|Any CPU
		Release|Any CPU = Release|Any CPU
	EndGlobalSection
	GlobalSection(ProjectConfigurationPlatforms) = postSolution
		{91914807-304A-4BD0-8D18-DAF495D1AD5A}.Debug|Any CPU.ActiveCfg = Debug|Any CPU
		{91914807-304A-4BD0-8D18-DAF495D1AD5A}.Debug|Any CPU.Build.0 = Debug|Any CPU
		{91914807-304A-4BD0-8D18-DAF495D1AD5A}.Release|Any CPU.ActiveCfg = Release|Any CPU
		{91914807-304A-4BD0-8D18-DAF495D1AD5A}.Release|Any CPU.Build.0 = Release|Any CPU
		{3E8D86F8-4C82-4DBB-AAA9-6F513F4D7432}.Debug|Any CPU.ActiveCfg = Debug|Any CPU
		{3E8D86F8-4C82-4DBB-AAA9-6F513F4D7432}.Debug|Any CPU.Build.0 = Debug|Any CPU
		{3E8D86F8-4C82-4DBB-AAA9-6F513F4D7432}.Release|Any CPU.ActiveCfg = Release|Any CPU
		{3E8D86F8-4C82-4DBB-AAA9-6F513F4D7432}.Release|Any CPU.Build.0 = Release|Any CPU
		{0474A85F-498D-47C8-ACC1-3750E9F0B8D5}.Debug|Any CPU.ActiveCfg = Debug|Any CPU
		{0474A85F-498D-47C8-ACC1-3750E9F0B8D5}.Debug|Any CPU.Build.0 = Debug|Any CPU
		{0474A85F-498D-47C8-ACC1-3750E9F0B8D5}.Release|Any CPU.ActiveCfg = Release|Any CPU
		{0474A85F-498D-47C8-ACC1-3750E9F0B8D5}.Release|Any CPU.Build.0 = Release|Any CPU
		{2ACE4049-7A59-4C50-BE83-B3DB039E8887}.Debug|Any CPU.ActiveCfg = Debug|Any CPU
		{2ACE4049-7A59-4C50-BE83-B3DB039E8887}.Debug|Any CPU.Build.0 = Debug|Any CPU
		{2ACE4049-7A59-4C50-BE83-B3DB039E8887}.Release|Any CPU.ActiveCfg = Release|Any CPU
		{2ACE4049-7A59-4C50-BE83-B3DB039E8887}.Release|Any CPU.Build.0 = Release|Any CPU
		{1E5EBC61-5760-4F5C-9FAD-F01EE7216C03}.Debug|Any CPU.ActiveCfg = Debug|Any CPU
		{1E5EBC61-5760-4F5C-9FAD-F01EE7216C03}.Debug|Any CPU.Build.0 = Debug|Any CPU
		{1E5EBC61-5760-4F5C-9FAD-F01EE7216C03}.Release|Any CPU.ActiveCfg = Release|Any CPU
		{1E5EBC61-5760-4F5C-9FAD-F01EE7216C03}.Release|Any CPU.Build.0 = Release|Any CPU
	EndGlobalSection
	GlobalSection(SolutionProperties) = preSolution
		HideSolutionNode = FALSE
	EndGlobalSection
	GlobalSection(NestedProjects) = preSolution
		{91914807-304A-4BD0-8D18-DAF495D1AD5A} = {0DC4EACB-1990-482D-B21E-87158B6CE22A}
		{3E8D86F8-4C82-4DBB-AAA9-6F513F4D7432} = {C1073E3C-2EF1-4637-BAC5-AD258C8DFCB2}
		{0474A85F-498D-47C8-ACC1-3750E9F0B8D5} = {C1073E3C-2EF1-4637-BAC5-AD258C8DFCB2}
		{2ACE4049-7A59-4C50-BE83-B3DB039E8887} = {C1073E3C-2EF1-4637-BAC5-AD258C8DFCB2}
		{1E5EBC61-5760-4F5C-9FAD-F01EE7216C03} = {0DC4EACB-1990-482D-B21E-87158B6CE22A}
	EndGlobalSection
	GlobalSection(ExtensibilityGlobals) = postSolution
		SolutionGuid = {8DEBF12C-DCC4-4E82-8F66-BBB1AEA5F9A0}
	EndGlobalSection
EndGlobal
